// !$*UTF8*$!
{
	archiveVersion = 1;
	classes = {
	};
	objectVersion = 46;
	objects = {

/* Begin PBXBuildFile section */
		D6470F4221533AB40083E5F3 /* Foundation.framework in Frameworks */ = {isa = PBXBuildFile; fileRef = D6470F4021533AB40083E5F3 /* Foundation.framework */; };
		D6470F4321533AB40083E5F3 /* CoreFoundation.framework in Frameworks */ = {isa = PBXBuildFile; fileRef = D6470F4121533AB40083E5F3 /* CoreFoundation.framework */; };
		D6470F4421533CF50083E5F3 /* CoreFoundation.framework in Frameworks */ = {isa = PBXBuildFile; fileRef = D6470F4121533AB40083E5F3 /* CoreFoundation.framework */; };
		D6470F4521533CF50083E5F3 /* Foundation.framework in Frameworks */ = {isa = PBXBuildFile; fileRef = D6470F4021533AB40083E5F3 /* Foundation.framework */; };
		D6470F49215341360083E5F3 /* AppKit.framework in Frameworks */ = {isa = PBXBuildFile; fileRef = D6470F48215341360083E5F3 /* AppKit.framework */; };
		OBJ_29 /* FNElement.m in Sources */ = {isa = PBXBuildFile; fileRef = OBJ_9 /* FNElement.m */; };
		OBJ_30 /* FNHTMLScript.m in Sources */ = {isa = PBXBuildFile; fileRef = OBJ_10 /* FNHTMLScript.m */; settings = {COMPILER_FLAGS = "-fno-objc-arc"; }; };
		OBJ_31 /* FNPaginator.m in Sources */ = {isa = PBXBuildFile; fileRef = OBJ_11 /* FNPaginator.m */; };
		OBJ_32 /* FNScript.m in Sources */ = {isa = PBXBuildFile; fileRef = OBJ_12 /* FNScript.m */; };
		OBJ_33 /* FastFountainParser.m in Sources */ = {isa = PBXBuildFile; fileRef = OBJ_13 /* FastFountainParser.m */; };
		OBJ_34 /* FountainParser.m in Sources */ = {isa = PBXBuildFile; fileRef = OBJ_14 /* FountainParser.m */; };
		OBJ_35 /* FountainRegexes.m in Sources */ = {isa = PBXBuildFile; fileRef = OBJ_15 /* FountainRegexes.m */; };
		OBJ_36 /* FountainWriter.m in Sources */ = {isa = PBXBuildFile; fileRef = OBJ_16 /* FountainWriter.m */; };
		OBJ_38 /* RegexKitLite.framework in Frameworks */ = {isa = PBXBuildFile; fileRef = "Fountain::RegexKitLite::Product" /* RegexKitLite.framework */; };
		OBJ_46 /* Package.swift in Sources */ = {isa = PBXBuildFile; fileRef = OBJ_6 /* Package.swift */; };
		OBJ_51 /* RegexKitLite.m in Sources */ = {isa = PBXBuildFile; fileRef = OBJ_18 /* RegexKitLite.m */; settings = {COMPILER_FLAGS = "-fno-objc-arc"; }; };
/* End PBXBuildFile section */

/* Begin PBXContainerItemProxy section */
		D6470F3E215337F40083E5F3 /* PBXContainerItemProxy */ = {
			isa = PBXContainerItemProxy;
			containerPortal = OBJ_1 /* Project object */;
			proxyType = 1;
			remoteGlobalIDString = "Fountain::RegexKitLite";
			remoteInfo = RegexKitLite;
		};
/* End PBXContainerItemProxy section */

/* Begin PBXFileReference section */
		D6470F4021533AB40083E5F3 /* Foundation.framework */ = {isa = PBXFileReference; lastKnownFileType = wrapper.framework; name = Foundation.framework; path = System/Library/Frameworks/Foundation.framework; sourceTree = SDKROOT; };
		D6470F4121533AB40083E5F3 /* CoreFoundation.framework */ = {isa = PBXFileReference; lastKnownFileType = wrapper.framework; name = CoreFoundation.framework; path = System/Library/Frameworks/CoreFoundation.framework; sourceTree = SDKROOT; };
		D6470F4621533E1C0083E5F3 /* RegexKitLite.h */ = {isa = PBXFileReference; fileEncoding = 4; lastKnownFileType = sourcecode.c.h; path = RegexKitLite.h; sourceTree = "<group>"; };
		D6470F472153400C0083E5F3 /* RegexKitLite.h */ = {isa = PBXFileReference; fileEncoding = 4; lastKnownFileType = sourcecode.c.h; path = RegexKitLite.h; sourceTree = "<group>"; };
		D6470F48215341360083E5F3 /* AppKit.framework */ = {isa = PBXFileReference; lastKnownFileType = wrapper.framework; name = AppKit.framework; path = System/Library/Frameworks/AppKit.framework; sourceTree = SDKROOT; };
		D6470F4A215341630083E5F3 /* FountainWriter.h */ = {isa = PBXFileReference; fileEncoding = 4; lastKnownFileType = sourcecode.c.h; path = FountainWriter.h; sourceTree = "<group>"; };
		D6470F4B215341630083E5F3 /* FNHTMLScript.h */ = {isa = PBXFileReference; fileEncoding = 4; lastKnownFileType = sourcecode.c.h; path = FNHTMLScript.h; sourceTree = "<group>"; };
		D6470F4C215341630083E5F3 /* FountainRegexes.h */ = {isa = PBXFileReference; fileEncoding = 4; lastKnownFileType = sourcecode.c.h; path = FountainRegexes.h; sourceTree = "<group>"; };
		D6470F4D215341630083E5F3 /* FountainParser.h */ = {isa = PBXFileReference; fileEncoding = 4; lastKnownFileType = sourcecode.c.h; path = FountainParser.h; sourceTree = "<group>"; };
		D6470F4E215341630083E5F3 /* FNPaginator.h */ = {isa = PBXFileReference; fileEncoding = 4; lastKnownFileType = sourcecode.c.h; path = FNPaginator.h; sourceTree = "<group>"; };
		D6470F4F215341630083E5F3 /* QUQFont.h */ = {isa = PBXFileReference; fileEncoding = 4; lastKnownFileType = sourcecode.c.h; path = QUQFont.h; sourceTree = "<group>"; };
		D6470F50215341630083E5F3 /* ScriptCSS.css */ = {isa = PBXFileReference; fileEncoding = 4; lastKnownFileType = text.css; path = ScriptCSS.css; sourceTree = "<group>"; };
		D6470F51215341630083E5F3 /* FNScript.h */ = {isa = PBXFileReference; fileEncoding = 4; lastKnownFileType = sourcecode.c.h; path = FNScript.h; sourceTree = "<group>"; };
		D6470F52215341630083E5F3 /* FastFountainParser.h */ = {isa = PBXFileReference; fileEncoding = 4; lastKnownFileType = sourcecode.c.h; path = FastFountainParser.h; sourceTree = "<group>"; };
		D6470F53215341630083E5F3 /* FNElement.h */ = {isa = PBXFileReference; fileEncoding = 4; lastKnownFileType = sourcecode.c.h; path = FNElement.h; sourceTree = "<group>"; };
		"Fountain::Fountain::Product" /* Fountain.framework */ = {isa = PBXFileReference; explicitFileType = wrapper.framework; path = Fountain.framework; sourceTree = BUILT_PRODUCTS_DIR; };
		"Fountain::RegexKitLite::Product" /* RegexKitLite.framework */ = {isa = PBXFileReference; explicitFileType = wrapper.framework; path = RegexKitLite.framework; sourceTree = BUILT_PRODUCTS_DIR; };
		OBJ_10 /* FNHTMLScript.m */ = {isa = PBXFileReference; lastKnownFileType = sourcecode.c.objc; path = FNHTMLScript.m; sourceTree = "<group>"; };
		OBJ_11 /* FNPaginator.m */ = {isa = PBXFileReference; lastKnownFileType = sourcecode.c.objc; path = FNPaginator.m; sourceTree = "<group>"; };
		OBJ_12 /* FNScript.m */ = {isa = PBXFileReference; lastKnownFileType = sourcecode.c.objc; path = FNScript.m; sourceTree = "<group>"; };
		OBJ_13 /* FastFountainParser.m */ = {isa = PBXFileReference; lastKnownFileType = sourcecode.c.objc; path = FastFountainParser.m; sourceTree = "<group>"; };
		OBJ_14 /* FountainParser.m */ = {isa = PBXFileReference; lastKnownFileType = sourcecode.c.objc; path = FountainParser.m; sourceTree = "<group>"; };
		OBJ_15 /* FountainRegexes.m */ = {isa = PBXFileReference; lastKnownFileType = sourcecode.c.objc; path = FountainRegexes.m; sourceTree = "<group>"; };
		OBJ_16 /* FountainWriter.m */ = {isa = PBXFileReference; lastKnownFileType = sourcecode.c.objc; path = FountainWriter.m; sourceTree = "<group>"; };
		OBJ_18 /* RegexKitLite.m */ = {isa = PBXFileReference; lastKnownFileType = sourcecode.c.objc; path = RegexKitLite.m; sourceTree = "<group>"; };
		OBJ_20 /* old */ = {isa = PBXFileReference; lastKnownFileType = folder; path = old; sourceTree = SOURCE_ROOT; };
		OBJ_6 /* Package.swift */ = {isa = PBXFileReference; explicitFileType = sourcecode.swift; path = Package.swift; sourceTree = "<group>"; };
		OBJ_9 /* FNElement.m */ = {isa = PBXFileReference; lastKnownFileType = sourcecode.c.objc; path = FNElement.m; sourceTree = "<group>"; };
/* End PBXFileReference section */

/* Begin PBXFrameworksBuildPhase section */
		OBJ_37 /* Frameworks */ = {
			isa = PBXFrameworksBuildPhase;
			buildActionMask = 0;
			files = (
				D6470F49215341360083E5F3 /* AppKit.framework in Frameworks */,
				D6470F4421533CF50083E5F3 /* CoreFoundation.framework in Frameworks */,
				D6470F4521533CF50083E5F3 /* Foundation.framework in Frameworks */,
				OBJ_38 /* RegexKitLite.framework in Frameworks */,
			);
			runOnlyForDeploymentPostprocessing = 0;
		};
		OBJ_52 /* Frameworks */ = {
			isa = PBXFrameworksBuildPhase;
			buildActionMask = 0;
			files = (
				D6470F4221533AB40083E5F3 /* Foundation.framework in Frameworks */,
				D6470F4321533AB40083E5F3 /* CoreFoundation.framework in Frameworks */,
			);
			runOnlyForDeploymentPostprocessing = 0;
		};
/* End PBXFrameworksBuildPhase section */

/* Begin PBXGroup section */
		D6470F3F21533AB40083E5F3 /* Frameworks */ = {
			isa = PBXGroup;
			children = (
				D6470F48215341360083E5F3 /* AppKit.framework */,
				D6470F4121533AB40083E5F3 /* CoreFoundation.framework */,
				D6470F4021533AB40083E5F3 /* Foundation.framework */,
			);
			name = Frameworks;
			sourceTree = "<group>";
		};
		OBJ_17 /* RegexKitLite */ = {
			isa = PBXGroup;
			children = (
				D6470F472153400C0083E5F3 /* RegexKitLite.h */,
				OBJ_18 /* RegexKitLite.m */,
			);
			name = RegexKitLite;
			path = Sources/RegexKitLite;
			sourceTree = SOURCE_ROOT;
		};
		OBJ_19 /* Tests */ = {
			isa = PBXGroup;
			children = (
			);
			name = Tests;
			sourceTree = SOURCE_ROOT;
		};
		OBJ_21 /* Products */ = {
			isa = PBXGroup;
			children = (
				"Fountain::Fountain::Product" /* Fountain.framework */,
				"Fountain::RegexKitLite::Product" /* RegexKitLite.framework */,
			);
			name = Products;
			sourceTree = BUILT_PRODUCTS_DIR;
		};
		OBJ_5 /*  */ = {
			isa = PBXGroup;
			children = (
				OBJ_6 /* Package.swift */,
				OBJ_7 /* Sources */,
				OBJ_19 /* Tests */,
				OBJ_20 /* old */,
				OBJ_21 /* Products */,
				D6470F3F21533AB40083E5F3 /* Frameworks */,
			);
			name = "";
			sourceTree = "<group>";
		};
		OBJ_7 /* Sources */ = {
			isa = PBXGroup;
			children = (
				OBJ_8 /* Fountain */,
				OBJ_17 /* RegexKitLite */,
			);
			name = Sources;
			sourceTree = SOURCE_ROOT;
		};
		OBJ_8 /* Fountain */ = {
			isa = PBXGroup;
			children = (
				D6470F52215341630083E5F3 /* FastFountainParser.h */,
				D6470F53215341630083E5F3 /* FNElement.h */,
				D6470F4B215341630083E5F3 /* FNHTMLScript.h */,
				D6470F4E215341630083E5F3 /* FNPaginator.h */,
				D6470F51215341630083E5F3 /* FNScript.h */,
				D6470F4D215341630083E5F3 /* FountainParser.h */,
				D6470F4C215341630083E5F3 /* FountainRegexes.h */,
				D6470F4A215341630083E5F3 /* FountainWriter.h */,
				D6470F4F215341630083E5F3 /* QUQFont.h */,
				D6470F50215341630083E5F3 /* ScriptCSS.css */,
				D6470F4621533E1C0083E5F3 /* RegexKitLite.h */,
				OBJ_9 /* FNElement.m */,
				OBJ_10 /* FNHTMLScript.m */,
				OBJ_11 /* FNPaginator.m */,
				OBJ_12 /* FNScript.m */,
				OBJ_13 /* FastFountainParser.m */,
				OBJ_14 /* FountainParser.m */,
				OBJ_15 /* FountainRegexes.m */,
				OBJ_16 /* FountainWriter.m */,
			);
			name = Fountain;
			path = Sources/Fountain;
			sourceTree = SOURCE_ROOT;
		};
/* End PBXGroup section */

/* Begin PBXNativeTarget section */
		"Fountain::Fountain" /* Fountain */ = {
			isa = PBXNativeTarget;
			buildConfigurationList = OBJ_25 /* Build configuration list for PBXNativeTarget "Fountain" */;
			buildPhases = (
				OBJ_28 /* Sources */,
				OBJ_37 /* Frameworks */,
			);
			buildRules = (
			);
			dependencies = (
				OBJ_39 /* PBXTargetDependency */,
			);
			name = Fountain;
			productName = Fountain;
			productReference = "Fountain::Fountain::Product" /* Fountain.framework */;
			productType = "com.apple.product-type.framework";
		};
		"Fountain::RegexKitLite" /* RegexKitLite */ = {
			isa = PBXNativeTarget;
			buildConfigurationList = OBJ_47 /* Build configuration list for PBXNativeTarget "RegexKitLite" */;
			buildPhases = (
				OBJ_50 /* Sources */,
				OBJ_52 /* Frameworks */,
			);
			buildRules = (
			);
			dependencies = (
			);
			name = RegexKitLite;
			productName = RegexKitLite;
			productReference = "Fountain::RegexKitLite::Product" /* RegexKitLite.framework */;
			productType = "com.apple.product-type.framework";
		};
		"Fountain::SwiftPMPackageDescription" /* FountainPackageDescription */ = {
			isa = PBXNativeTarget;
			buildConfigurationList = OBJ_42 /* Build configuration list for PBXNativeTarget "FountainPackageDescription" */;
			buildPhases = (
				OBJ_45 /* Sources */,
			);
			buildRules = (
			);
			dependencies = (
			);
			name = FountainPackageDescription;
			productName = FountainPackageDescription;
			productType = "com.apple.product-type.framework";
		};
/* End PBXNativeTarget section */

/* Begin PBXProject section */
		OBJ_1 /* Project object */ = {
			isa = PBXProject;
			attributes = {
				LastUpgradeCheck = 9999;
			};
			buildConfigurationList = OBJ_2 /* Build configuration list for PBXProject "Fountain" */;
			compatibilityVersion = "Xcode 3.2";
			developmentRegion = English;
			hasScannedForEncodings = 0;
			knownRegions = (
				en,
			);
			mainGroup = OBJ_5 /*  */;
			productRefGroup = OBJ_21 /* Products */;
			projectDirPath = "";
			projectRoot = "";
			targets = (
				"Fountain::Fountain" /* Fountain */,
				"Fountain::SwiftPMPackageDescription" /* FountainPackageDescription */,
				"Fountain::RegexKitLite" /* RegexKitLite */,
			);
		};
/* End PBXProject section */

/* Begin PBXSourcesBuildPhase section */
		OBJ_28 /* Sources */ = {
			isa = PBXSourcesBuildPhase;
			buildActionMask = 0;
			files = (
				OBJ_29 /* FNElement.m in Sources */,
				OBJ_30 /* FNHTMLScript.m in Sources */,
				OBJ_31 /* FNPaginator.m in Sources */,
				OBJ_32 /* FNScript.m in Sources */,
				OBJ_33 /* FastFountainParser.m in Sources */,
				OBJ_34 /* FountainParser.m in Sources */,
				OBJ_35 /* FountainRegexes.m in Sources */,
				OBJ_36 /* FountainWriter.m in Sources */,
			);
			runOnlyForDeploymentPostprocessing = 0;
		};
		OBJ_45 /* Sources */ = {
			isa = PBXSourcesBuildPhase;
			buildActionMask = 0;
			files = (
				OBJ_46 /* Package.swift in Sources */,
			);
			runOnlyForDeploymentPostprocessing = 0;
		};
		OBJ_50 /* Sources */ = {
			isa = PBXSourcesBuildPhase;
			buildActionMask = 0;
			files = (
				OBJ_51 /* RegexKitLite.m in Sources */,
			);
			runOnlyForDeploymentPostprocessing = 0;
		};
/* End PBXSourcesBuildPhase section */

/* Begin PBXTargetDependency section */
		OBJ_39 /* PBXTargetDependency */ = {
			isa = PBXTargetDependency;
			target = "Fountain::RegexKitLite" /* RegexKitLite */;
			targetProxy = D6470F3E215337F40083E5F3 /* PBXContainerItemProxy */;
		};
/* End PBXTargetDependency section */

/* Begin XCBuildConfiguration section */
		OBJ_26 /* Debug */ = {
			isa = XCBuildConfiguration;
			buildSettings = {
				ENABLE_TESTABILITY = YES;
				FRAMEWORK_SEARCH_PATHS = (
					"$(inherited)",
					"$(PLATFORM_DIR)/Developer/Library/Frameworks",
				);
				HEADER_SEARCH_PATHS = (
					"$(inherited)",
					"$(SRCROOT)/Sources/Fountain/include",
					"$(SRCROOT)/Sources/RegexKitLite/include",
				);
				INFOPLIST_FILE = Fountain.xcodeproj/Fountain_Info.plist;
				LD_RUNPATH_SEARCH_PATHS = "$(inherited) $(TOOLCHAIN_DIR)/usr/lib/swift/macosx";
				OTHER_CFLAGS = "$(inherited)";
				OTHER_LDFLAGS = "$(inherited)";
				"OTHER_LDFLAGS[arch=*]" = (
					"$(inherited)",
					"-licucore",
				);
				OTHER_SWIFT_FLAGS = "$(inherited)";
				PRODUCT_BUNDLE_IDENTIFIER = Fountain;
				PRODUCT_MODULE_NAME = "$(TARGET_NAME:c99extidentifier)";
				PRODUCT_NAME = "$(TARGET_NAME:c99extidentifier)";
				SKIP_INSTALL = YES;
				SWIFT_ACTIVE_COMPILATION_CONDITIONS = "$(inherited)";
				TARGET_NAME = Fountain;
			};
			name = Debug;
		};
		OBJ_27 /* Release */ = {
			isa = XCBuildConfiguration;
			buildSettings = {
				ENABLE_TESTABILITY = YES;
				FRAMEWORK_SEARCH_PATHS = (
					"$(inherited)",
					"$(PLATFORM_DIR)/Developer/Library/Frameworks",
				);
				HEADER_SEARCH_PATHS = (
					"$(inherited)",
					"$(SRCROOT)/Sources/Fountain/include",
					"$(SRCROOT)/Sources/RegexKitLite/include",
				);
				INFOPLIST_FILE = Fountain.xcodeproj/Fountain_Info.plist;
				LD_RUNPATH_SEARCH_PATHS = "$(inherited) $(TOOLCHAIN_DIR)/usr/lib/swift/macosx";
				OTHER_CFLAGS = "$(inherited)";
				OTHER_LDFLAGS = "$(inherited)";
				"OTHER_LDFLAGS[arch=*]" = (
					"$(inherited)",
					"-licucore",
				);
				OTHER_SWIFT_FLAGS = "$(inherited)";
				PRODUCT_BUNDLE_IDENTIFIER = Fountain;
				PRODUCT_MODULE_NAME = "$(TARGET_NAME:c99extidentifier)";
				PRODUCT_NAME = "$(TARGET_NAME:c99extidentifier)";
				SKIP_INSTALL = YES;
				SWIFT_ACTIVE_COMPILATION_CONDITIONS = "$(inherited)";
				TARGET_NAME = Fountain;
			};
			name = Release;
		};
		OBJ_3 /* Debug */ = {
			isa = XCBuildConfiguration;
			buildSettings = {
				CLANG_ENABLE_OBJC_ARC = YES;
				COMBINE_HIDPI_IMAGES = YES;
				COPY_PHASE_STRIP = NO;
				DEBUG_INFORMATION_FORMAT = dwarf;
				DYLIB_INSTALL_NAME_BASE = "@rpath";
				ENABLE_NS_ASSERTIONS = YES;
				GCC_OPTIMIZATION_LEVEL = 0;
				GCC_PREPROCESSOR_DEFINITIONS = (
					"DEBUG=1",
					"$(inherited)",
				);
				MACOSX_DEPLOYMENT_TARGET = 10.10;
				ONLY_ACTIVE_ARCH = YES;
				OTHER_SWIFT_FLAGS = "-DXcode";
				PRODUCT_NAME = "$(TARGET_NAME)";
				SDKROOT = macosx;
				SUPPORTED_PLATFORMS = "macosx iphoneos iphonesimulator appletvos appletvsimulator watchos watchsimulator";
				SWIFT_ACTIVE_COMPILATION_CONDITIONS = "SWIFT_PACKAGE DEBUG";
				SWIFT_OPTIMIZATION_LEVEL = "-Onone";
				USE_HEADERMAP = NO;
			};
			name = Debug;
		};
		OBJ_4 /* Release */ = {
			isa = XCBuildConfiguration;
			buildSettings = {
				CLANG_ENABLE_OBJC_ARC = YES;
				COMBINE_HIDPI_IMAGES = YES;
				COPY_PHASE_STRIP = YES;
				DEBUG_INFORMATION_FORMAT = "dwarf-with-dsym";
				DYLIB_INSTALL_NAME_BASE = "@rpath";
				GCC_OPTIMIZATION_LEVEL = s;
				MACOSX_DEPLOYMENT_TARGET = 10.10;
				OTHER_SWIFT_FLAGS = "-DXcode";
				PRODUCT_NAME = "$(TARGET_NAME)";
				SDKROOT = macosx;
				SUPPORTED_PLATFORMS = "macosx iphoneos iphonesimulator appletvos appletvsimulator watchos watchsimulator";
				SWIFT_ACTIVE_COMPILATION_CONDITIONS = SWIFT_PACKAGE;
				SWIFT_OPTIMIZATION_LEVEL = "-Owholemodule";
				USE_HEADERMAP = NO;
			};
			name = Release;
		};
		OBJ_43 /* Debug */ = {
			isa = XCBuildConfiguration;
			buildSettings = {
				LD = /usr/bin/true;
				OTHER_SWIFT_FLAGS = "-swift-version 4.2 -I $(TOOLCHAIN_DIR)/usr/lib/swift/pm/4_2 -target x86_64-apple-macosx10.10 -sdk /Applications/Xcode.app/Contents/Developer/Platforms/MacOSX.platform/Developer/SDKs/MacOSX10.14.sdk";
				SWIFT_VERSION = 4.2;
			};
			name = Debug;
		};
		OBJ_44 /* Release */ = {
			isa = XCBuildConfiguration;
			buildSettings = {
				LD = /usr/bin/true;
				OTHER_SWIFT_FLAGS = "-swift-version 4.2 -I $(TOOLCHAIN_DIR)/usr/lib/swift/pm/4_2 -target x86_64-apple-macosx10.10 -sdk /Applications/Xcode.app/Contents/Developer/Platforms/MacOSX.platform/Developer/SDKs/MacOSX10.14.sdk";
				SWIFT_VERSION = 4.2;
			};
			name = Release;
		};
		OBJ_48 /* Debug */ = {
			isa = XCBuildConfiguration;
			buildSettings = {
				ENABLE_TESTABILITY = YES;
				FRAMEWORK_SEARCH_PATHS = (
					"$(inherited)",
					"$(PLATFORM_DIR)/Developer/Library/Frameworks",
				);
				HEADER_SEARCH_PATHS = (
					"$(inherited)",
					"$(SRCROOT)/Sources/RegexKitLite/include",
				);
				INFOPLIST_FILE = Fountain.xcodeproj/RegexKitLite_Info.plist;
				LD_RUNPATH_SEARCH_PATHS = "$(inherited) $(TOOLCHAIN_DIR)/usr/lib/swift/macosx";
				OTHER_CFLAGS = "$(inherited)";
				OTHER_LDFLAGS = "$(inherited)";
				"OTHER_LDFLAGS[arch=*]" = (
					"$(inherited)",
					"-licucore",
				);
				OTHER_SWIFT_FLAGS = "$(inherited)";
				PRODUCT_BUNDLE_IDENTIFIER = RegexKitLite;
				PRODUCT_MODULE_NAME = "$(TARGET_NAME:c99extidentifier)";
				PRODUCT_NAME = "$(TARGET_NAME:c99extidentifier)";
				SKIP_INSTALL = YES;
				SWIFT_ACTIVE_COMPILATION_CONDITIONS = "$(inherited)";
				TARGET_NAME = RegexKitLite;
			};
			name = Debug;
		};
		OBJ_49 /* Release */ = {
			isa = XCBuildConfiguration;
			buildSettings = {
				ENABLE_TESTABILITY = YES;
				FRAMEWORK_SEARCH_PATHS = (
					"$(inherited)",
					"$(PLATFORM_DIR)/Developer/Library/Frameworks",
				);
				HEADER_SEARCH_PATHS = (
					"$(inherited)",
					"$(SRCROOT)/Sources/RegexKitLite/include",
				);
				INFOPLIST_FILE = Fountain.xcodeproj/RegexKitLite_Info.plist;
				LD_RUNPATH_SEARCH_PATHS = "$(inherited) $(TOOLCHAIN_DIR)/usr/lib/swift/macosx";
				OTHER_CFLAGS = "$(inherited)";
				OTHER_LDFLAGS = "$(inherited)";
				"OTHER_LDFLAGS[arch=*]" = (
					"$(inherited)",
					"-licucore",
				);
				OTHER_SWIFT_FLAGS = "$(inherited)";
				PRODUCT_BUNDLE_IDENTIFIER = RegexKitLite;
				PRODUCT_MODULE_NAME = "$(TARGET_NAME:c99extidentifier)";
				PRODUCT_NAME = "$(TARGET_NAME:c99extidentifier)";
				SKIP_INSTALL = YES;
				SWIFT_ACTIVE_COMPILATION_CONDITIONS = "$(inherited)";
				TARGET_NAME = RegexKitLite;
			};
			name = Release;
		};
/* End XCBuildConfiguration section */

/* Begin XCConfigurationList section */
		OBJ_2 /* Build configuration list for PBXProject "Fountain" */ = {
			isa = XCConfigurationList;
			buildConfigurations = (
				OBJ_3 /* Debug */,
				OBJ_4 /* Release */,
			);
			defaultConfigurationIsVisible = 0;
			defaultConfigurationName = Release;
		};
		OBJ_25 /* Build configuration list for PBXNativeTarget "Fountain" */ = {
			isa = XCConfigurationList;
			buildConfigurations = (
				OBJ_26 /* Debug */,
				OBJ_27 /* Release */,
			);
			defaultConfigurationIsVisible = 0;
			defaultConfigurationName = Release;
		};
		OBJ_42 /* Build configuration list for PBXNativeTarget "FountainPackageDescription" */ = {
			isa = XCConfigurationList;
			buildConfigurations = (
				OBJ_43 /* Debug */,
				OBJ_44 /* Release */,
			);
			defaultConfigurationIsVisible = 0;
			defaultConfigurationName = Release;
		};
		OBJ_47 /* Build configuration list for PBXNativeTarget "RegexKitLite" */ = {
			isa = XCConfigurationList;
			buildConfigurations = (
				OBJ_48 /* Debug */,
				OBJ_49 /* Release */,
			);
			defaultConfigurationIsVisible = 0;
			defaultConfigurationName = Release;
		};
/* End XCConfigurationList section */
	};
	rootObject = OBJ_1 /* Project object */;
}
