// !$*UTF8*$!
{
	archiveVersion = 1;
	classes = {
	};
	objectVersion = 46;
	objects = {

/* Begin PBXBuildFile section */
		3C0BB02E14DF3D55004A90E8 /* Cocoa.framework in Frameworks */ = {isa = PBXBuildFile; fileRef = 3C0BB02D14DF3D55004A90E8 /* Cocoa.framework */; };
		3C0BB03814DF3D55004A90E8 /* InfoPlist.strings in Resources */ = {isa = PBXBuildFile; fileRef = 3C0BB03614DF3D55004A90E8 /* InfoPlist.strings */; };
		3C0BB03A14DF3D55004A90E8 /* main.m in Sources */ = {isa = PBXBuildFile; fileRef = 3C0BB03914DF3D55004A90E8 /* main.m */; };
		3C0BB04C14DF3D56004A90E8 /* SenTestingKit.framework in Frameworks */ = {isa = PBXBuildFile; fileRef = 3C0BB04B14DF3D56004A90E8 /* SenTestingKit.framework */; };
		3C0BB04D14DF3D56004A90E8 /* Cocoa.framework in Frameworks */ = {isa = PBXBuildFile; fileRef = 3C0BB02D14DF3D55004A90E8 /* Cocoa.framework */; };
		3C0BB05514DF3D56004A90E8 /* InfoPlist.strings in Resources */ = {isa = PBXBuildFile; fileRef = 3C0BB05314DF3D56004A90E8 /* InfoPlist.strings */; };
		3C0BB06B14DF3D76004A90E8 /* FNScript.m in Sources */ = {isa = PBXBuildFile; fileRef = 3C0BB06214DF3D76004A90E8 /* FNScript.m */; };
		3C0BB06C14DF3D76004A90E8 /* FNElement.m in Sources */ = {isa = PBXBuildFile; fileRef = 3C0BB06414DF3D76004A90E8 /* FNElement.m */; };
		3C0BB06D14DF3D76004A90E8 /* FountainRegexes.m in Sources */ = {isa = PBXBuildFile; fileRef = 3C0BB06614DF3D76004A90E8 /* FountainRegexes.m */; };
		3C0BB06E14DF3D76004A90E8 /* FountainParser.m in Sources */ = {isa = PBXBuildFile; fileRef = 3C0BB06814DF3D76004A90E8 /* FountainParser.m */; };
		3C0BB06F14DF3D76004A90E8 /* FountainWriter.m in Sources */ = {isa = PBXBuildFile; fileRef = 3C0BB06A14DF3D76004A90E8 /* FountainWriter.m */; };
		3C76B00D14E05C5C00EDDA5F /* FNScriptTests.m in Sources */ = {isa = PBXBuildFile; fileRef = 3C76B00C14E05C5C00EDDA5F /* FNScriptTests.m */; };
		3C8CD0E314DF589E00F18DE6 /* Big Fish.fountain in Resources */ = {isa = PBXBuildFile; fileRef = 3C8CD0E214DF589E00F18DE6 /* Big Fish.fountain */; };
		3C8CD0E614DF58C300F18DE6 /* BigFishTests.m in Sources */ = {isa = PBXBuildFile; fileRef = 3C8CD0E514DF58C300F18DE6 /* BigFishTests.m */; };
		3C8CD10014DF64B400F18DE6 /* License.rtf in Resources */ = {isa = PBXBuildFile; fileRef = 3C8CD0FD14DF64B400F18DE6 /* License.rtf */; };
		3C8CD10114DF64B400F18DE6 /* RegexKitLite.m in Sources */ = {isa = PBXBuildFile; fileRef = 3C8CD0FF14DF64B400F18DE6 /* RegexKitLite.m */; };
		3C8CD10714DF7CCC00F18DE6 /* Brick And Steel.txt in Resources */ = {isa = PBXBuildFile; fileRef = 3C8CD10614DF7CCC00F18DE6 /* Brick And Steel.txt */; };
		3C8CD10A14DF7CE600F18DE6 /* BrickAndSteelTests.m in Sources */ = {isa = PBXBuildFile; fileRef = 3C8CD10914DF7CE600F18DE6 /* BrickAndSteelTests.m */; };
		3C8CD10D14DF9D9400F18DE6 /* FountainWriterTests.m in Sources */ = {isa = PBXBuildFile; fileRef = 3C8CD10C14DF9D9400F18DE6 /* FountainWriterTests.m */; };
		3C8CD10F14DFA9D700F18DE6 /* Simple.fountain in Resources */ = {isa = PBXBuildFile; fileRef = 3C8CD10E14DFA9D700F18DE6 /* Simple.fountain */; };
		3C9545E51593EBA500ABBA9B /* FastFountainParser.m in Sources */ = {isa = PBXBuildFile; fileRef = 3C9545E41593EBA500ABBA9B /* FastFountainParser.m */; };
		3C95460D1594025400ABBA9B /* FNHTMLScript.m in Sources */ = {isa = PBXBuildFile; fileRef = 3C95460C1594025400ABBA9B /* FNHTMLScript.m */; };
		3CB1978214E0D50A00FC672F /* SyntaxTests.m in Sources */ = {isa = PBXBuildFile; fileRef = 3CB1978114E0D50A00FC672F /* SyntaxTests.m */; };
		3CBFF73C159407CC005EC5BF /* Application.xib in Resources */ = {isa = PBXBuildFile; fileRef = 3CBFF73B159407CC005EC5BF /* Application.xib */; };
		3CBFF73F15940815005EC5BF /* AppDelegate.m in Sources */ = {isa = PBXBuildFile; fileRef = 3CBFF73E15940815005EC5BF /* AppDelegate.m */; };
		3CBFF74115940860005EC5BF /* WebKit.framework in Frameworks */ = {isa = PBXBuildFile; fileRef = 3CBFF74015940860005EC5BF /* WebKit.framework */; };
		3CBFF74215940A40005EC5BF /* Big Fish.fountain in Resources */ = {isa = PBXBuildFile; fileRef = 3C8CD0E214DF589E00F18DE6 /* Big Fish.fountain */; };
		3CBFF74415940ACC005EC5BF /* ScriptCSS.css in Resources */ = {isa = PBXBuildFile; fileRef = 3CBFF74315940ACC005EC5BF /* ScriptCSS.css */; };
		3CBFF74715940D52005EC5BF /* FNPaginator.m in Sources */ = {isa = PBXBuildFile; fileRef = 3CBFF74615940D52005EC5BF /* FNPaginator.m */; };
/* End PBXBuildFile section */

/* Begin PBXContainerItemProxy section */
		3C0BB04E14DF3D56004A90E8 /* PBXContainerItemProxy */ = {
			isa = PBXContainerItemProxy;
			containerPortal = 3C0BB02014DF3D55004A90E8 /* Project object */;
			proxyType = 1;
			remoteGlobalIDString = 3C0BB02814DF3D55004A90E8;
			remoteInfo = Fountain;
		};
/* End PBXContainerItemProxy section */

/* Begin PBXFileReference section */
		3C0BB02914DF3D55004A90E8 /* Fountain.app */ = {isa = PBXFileReference; explicitFileType = wrapper.application; includeInIndex = 0; path = Fountain.app; sourceTree = BUILT_PRODUCTS_DIR; };
		3C0BB02D14DF3D55004A90E8 /* Cocoa.framework */ = {isa = PBXFileReference; lastKnownFileType = wrapper.framework; name = Cocoa.framework; path = System/Library/Frameworks/Cocoa.framework; sourceTree = SDKROOT; };
		3C0BB03014DF3D55004A90E8 /* AppKit.framework */ = {isa = PBXFileReference; lastKnownFileType = wrapper.framework; name = AppKit.framework; path = System/Library/Frameworks/AppKit.framework; sourceTree = SDKROOT; };
		3C0BB03114DF3D55004A90E8 /* CoreData.framework */ = {isa = PBXFileReference; lastKnownFileType = wrapper.framework; name = CoreData.framework; path = System/Library/Frameworks/CoreData.framework; sourceTree = SDKROOT; };
		3C0BB03214DF3D55004A90E8 /* Foundation.framework */ = {isa = PBXFileReference; lastKnownFileType = wrapper.framework; name = Foundation.framework; path = System/Library/Frameworks/Foundation.framework; sourceTree = SDKROOT; };
		3C0BB03514DF3D55004A90E8 /* Fountain-Info.plist */ = {isa = PBXFileReference; lastKnownFileType = text.plist.xml; path = "Fountain-Info.plist"; sourceTree = "<group>"; };
		3C0BB03714DF3D55004A90E8 /* en */ = {isa = PBXFileReference; lastKnownFileType = text.plist.strings; name = en; path = en.lproj/InfoPlist.strings; sourceTree = "<group>"; };
		3C0BB03914DF3D55004A90E8 /* main.m */ = {isa = PBXFileReference; lastKnownFileType = sourcecode.c.objc; path = main.m; sourceTree = "<group>"; };
		3C0BB03B14DF3D55004A90E8 /* Fountain-Prefix.pch */ = {isa = PBXFileReference; lastKnownFileType = sourcecode.c.h; path = "Fountain-Prefix.pch"; sourceTree = "<group>"; };
		3C0BB04A14DF3D56004A90E8 /* FountainTests.octest */ = {isa = PBXFileReference; explicitFileType = wrapper.cfbundle; includeInIndex = 0; path = FountainTests.octest; sourceTree = BUILT_PRODUCTS_DIR; };
		3C0BB04B14DF3D56004A90E8 /* SenTestingKit.framework */ = {isa = PBXFileReference; lastKnownFileType = wrapper.framework; name = SenTestingKit.framework; path = Library/Frameworks/SenTestingKit.framework; sourceTree = DEVELOPER_DIR; };
		3C0BB05214DF3D56004A90E8 /* FountainTests-Info.plist */ = {isa = PBXFileReference; lastKnownFileType = text.plist.xml; path = "FountainTests-Info.plist"; sourceTree = "<group>"; };
		3C0BB05414DF3D56004A90E8 /* en */ = {isa = PBXFileReference; lastKnownFileType = text.plist.strings; name = en; path = en.lproj/InfoPlist.strings; sourceTree = "<group>"; };
		3C0BB06114DF3D76004A90E8 /* FNScript.h */ = {isa = PBXFileReference; fileEncoding = 4; lastKnownFileType = sourcecode.c.h; path = FNScript.h; sourceTree = "<group>"; };
		3C0BB06214DF3D76004A90E8 /* FNScript.m */ = {isa = PBXFileReference; fileEncoding = 4; lastKnownFileType = sourcecode.c.objc; path = FNScript.m; sourceTree = "<group>"; };
		3C0BB06314DF3D76004A90E8 /* FNElement.h */ = {isa = PBXFileReference; fileEncoding = 4; lastKnownFileType = sourcecode.c.h; path = FNElement.h; sourceTree = "<group>"; };
		3C0BB06414DF3D76004A90E8 /* FNElement.m */ = {isa = PBXFileReference; fileEncoding = 4; lastKnownFileType = sourcecode.c.objc; path = FNElement.m; sourceTree = "<group>"; };
		3C0BB06514DF3D76004A90E8 /* FountainRegexes.h */ = {isa = PBXFileReference; fileEncoding = 4; lastKnownFileType = sourcecode.c.h; path = FountainRegexes.h; sourceTree = "<group>"; };
		3C0BB06614DF3D76004A90E8 /* FountainRegexes.m */ = {isa = PBXFileReference; fileEncoding = 4; lastKnownFileType = sourcecode.c.objc; path = FountainRegexes.m; sourceTree = "<group>"; };
		3C0BB06714DF3D76004A90E8 /* FountainParser.h */ = {isa = PBXFileReference; fileEncoding = 4; lastKnownFileType = sourcecode.c.h; path = FountainParser.h; sourceTree = "<group>"; };
		3C0BB06814DF3D76004A90E8 /* FountainParser.m */ = {isa = PBXFileReference; fileEncoding = 4; lastKnownFileType = sourcecode.c.objc; path = FountainParser.m; sourceTree = "<group>"; };
		3C0BB06914DF3D76004A90E8 /* FountainWriter.h */ = {isa = PBXFileReference; fileEncoding = 4; lastKnownFileType = sourcecode.c.h; path = FountainWriter.h; sourceTree = "<group>"; };
		3C0BB06A14DF3D76004A90E8 /* FountainWriter.m */ = {isa = PBXFileReference; fileEncoding = 4; lastKnownFileType = sourcecode.c.objc; path = FountainWriter.m; sourceTree = "<group>"; };
		3C76B00B14E05C5C00EDDA5F /* FNScriptTests.h */ = {isa = PBXFileReference; fileEncoding = 4; lastKnownFileType = sourcecode.c.h; path = FNScriptTests.h; sourceTree = "<group>"; };
		3C76B00C14E05C5C00EDDA5F /* FNScriptTests.m */ = {isa = PBXFileReference; fileEncoding = 4; lastKnownFileType = sourcecode.c.objc; path = FNScriptTests.m; sourceTree = "<group>"; };
		3C8CD0E214DF589E00F18DE6 /* Big Fish.fountain */ = {isa = PBXFileReference; fileEncoding = 4; lastKnownFileType = text; path = "Big Fish.fountain"; sourceTree = "<group>"; };
		3C8CD0E414DF58C300F18DE6 /* BigFishTests.h */ = {isa = PBXFileReference; fileEncoding = 4; lastKnownFileType = sourcecode.c.h; path = BigFishTests.h; sourceTree = "<group>"; };
		3C8CD0E514DF58C300F18DE6 /* BigFishTests.m */ = {isa = PBXFileReference; fileEncoding = 4; lastKnownFileType = sourcecode.c.objc; path = BigFishTests.m; sourceTree = "<group>"; };
		3C8CD0FD14DF64B400F18DE6 /* License.rtf */ = {isa = PBXFileReference; fileEncoding = 4; lastKnownFileType = text.rtf; path = License.rtf; sourceTree = "<group>"; };
		3C8CD0FE14DF64B400F18DE6 /* RegexKitLite.h */ = {isa = PBXFileReference; fileEncoding = 4; lastKnownFileType = sourcecode.c.h; path = RegexKitLite.h; sourceTree = "<group>"; };
		3C8CD0FF14DF64B400F18DE6 /* RegexKitLite.m */ = {isa = PBXFileReference; fileEncoding = 4; lastKnownFileType = sourcecode.c.objc; path = RegexKitLite.m; sourceTree = "<group>"; };
		3C8CD10614DF7CCC00F18DE6 /* Brick And Steel.txt */ = {isa = PBXFileReference; fileEncoding = 4; lastKnownFileType = text; path = "Brick And Steel.txt"; sourceTree = "<group>"; };
		3C8CD10814DF7CE600F18DE6 /* BrickAndSteelTests.h */ = {isa = PBXFileReference; fileEncoding = 4; lastKnownFileType = sourcecode.c.h; path = BrickAndSteelTests.h; sourceTree = "<group>"; };
		3C8CD10914DF7CE600F18DE6 /* BrickAndSteelTests.m */ = {isa = PBXFileReference; fileEncoding = 4; lastKnownFileType = sourcecode.c.objc; path = BrickAndSteelTests.m; sourceTree = "<group>"; };
		3C8CD10B14DF9D9400F18DE6 /* FountainWriterTests.h */ = {isa = PBXFileReference; fileEncoding = 4; lastKnownFileType = sourcecode.c.h; path = FountainWriterTests.h; sourceTree = "<group>"; };
		3C8CD10C14DF9D9400F18DE6 /* FountainWriterTests.m */ = {isa = PBXFileReference; fileEncoding = 4; lastKnownFileType = sourcecode.c.objc; path = FountainWriterTests.m; sourceTree = "<group>"; };
		3C8CD10E14DFA9D700F18DE6 /* Simple.fountain */ = {isa = PBXFileReference; fileEncoding = 4; lastKnownFileType = text; path = Simple.fountain; sourceTree = "<group>"; };
		3C9545E31593EBA500ABBA9B /* FastFountainParser.h */ = {isa = PBXFileReference; fileEncoding = 4; lastKnownFileType = sourcecode.c.h; path = FastFountainParser.h; sourceTree = "<group>"; };
		3C9545E41593EBA500ABBA9B /* FastFountainParser.m */ = {isa = PBXFileReference; fileEncoding = 4; lastKnownFileType = sourcecode.c.objc; path = FastFountainParser.m; sourceTree = "<group>"; };
		3C95460B1594025400ABBA9B /* FNHTMLScript.h */ = {isa = PBXFileReference; fileEncoding = 4; lastKnownFileType = sourcecode.c.h; path = FNHTMLScript.h; sourceTree = "<group>"; };
		3C95460C1594025400ABBA9B /* FNHTMLScript.m */ = {isa = PBXFileReference; fileEncoding = 4; lastKnownFileType = sourcecode.c.objc; path = FNHTMLScript.m; sourceTree = "<group>"; };
		3CB1978014E0D50A00FC672F /* SyntaxTests.h */ = {isa = PBXFileReference; fileEncoding = 4; lastKnownFileType = sourcecode.c.h; path = SyntaxTests.h; sourceTree = "<group>"; };
		3CB1978114E0D50A00FC672F /* SyntaxTests.m */ = {isa = PBXFileReference; fileEncoding = 4; lastKnownFileType = sourcecode.c.objc; path = SyntaxTests.m; sourceTree = "<group>"; };
		3CBFF73B159407CC005EC5BF /* Application.xib */ = {isa = PBXFileReference; fileEncoding = 4; lastKnownFileType = file.xib; path = Application.xib; sourceTree = "<group>"; };
		3CBFF73D15940815005EC5BF /* AppDelegate.h */ = {isa = PBXFileReference; fileEncoding = 4; lastKnownFileType = sourcecode.c.h; path = AppDelegate.h; sourceTree = "<group>"; };
		3CBFF73E15940815005EC5BF /* AppDelegate.m */ = {isa = PBXFileReference; fileEncoding = 4; lastKnownFileType = sourcecode.c.objc; path = AppDelegate.m; sourceTree = "<group>"; };
		3CBFF74015940860005EC5BF /* WebKit.framework */ = {isa = PBXFileReference; lastKnownFileType = wrapper.framework; name = WebKit.framework; path = System/Library/Frameworks/WebKit.framework; sourceTree = SDKROOT; };
		3CBFF74315940ACC005EC5BF /* ScriptCSS.css */ = {isa = PBXFileReference; fileEncoding = 4; lastKnownFileType = text.css; path = ScriptCSS.css; sourceTree = "<group>"; };
		3CBFF74515940D52005EC5BF /* FNPaginator.h */ = {isa = PBXFileReference; fileEncoding = 4; lastKnownFileType = sourcecode.c.h; path = FNPaginator.h; sourceTree = "<group>"; };
		3CBFF74615940D52005EC5BF /* FNPaginator.m */ = {isa = PBXFileReference; fileEncoding = 4; lastKnownFileType = sourcecode.c.objc; path = FNPaginator.m; sourceTree = "<group>"; };
/* End PBXFileReference section */

/* Begin PBXFrameworksBuildPhase section */
		3C0BB02614DF3D55004A90E8 /* Frameworks */ = {
			isa = PBXFrameworksBuildPhase;
			buildActionMask = 2147483647;
			files = (
				3CBFF74115940860005EC5BF /* WebKit.framework in Frameworks */,
				3C0BB02E14DF3D55004A90E8 /* Cocoa.framework in Frameworks */,
			);
			runOnlyForDeploymentPostprocessing = 0;
		};
		3C0BB04614DF3D56004A90E8 /* Frameworks */ = {
			isa = PBXFrameworksBuildPhase;
			buildActionMask = 2147483647;
			files = (
				3C0BB04C14DF3D56004A90E8 /* SenTestingKit.framework in Frameworks */,
				3C0BB04D14DF3D56004A90E8 /* Cocoa.framework in Frameworks */,
			);
			runOnlyForDeploymentPostprocessing = 0;
		};
/* End PBXFrameworksBuildPhase section */

/* Begin PBXGroup section */
		3C0BB01E14DF3D55004A90E8 = {
			isa = PBXGroup;
			children = (
				3C8CD0FC14DF64B300F18DE6 /* RegexKitLite */,
				3C0BB03314DF3D55004A90E8 /* Fountain */,
				3CBFF73915940793005EC5BF /* Sample Project */,
				3C0BB05014DF3D56004A90E8 /* FountainTests */,
				3C0BB02C14DF3D55004A90E8 /* Frameworks */,
				3C0BB02A14DF3D55004A90E8 /* Products */,
			);
			sourceTree = "<group>";
		};
		3C0BB02A14DF3D55004A90E8 /* Products */ = {
			isa = PBXGroup;
			children = (
				3C0BB02914DF3D55004A90E8 /* Fountain.app */,
				3C0BB04A14DF3D56004A90E8 /* FountainTests.octest */,
			);
			name = Products;
			sourceTree = "<group>";
		};
		3C0BB02C14DF3D55004A90E8 /* Frameworks */ = {
			isa = PBXGroup;
			children = (
				3CBFF74015940860005EC5BF /* WebKit.framework */,
				3C0BB02D14DF3D55004A90E8 /* Cocoa.framework */,
				3C0BB04B14DF3D56004A90E8 /* SenTestingKit.framework */,
				3C0BB02F14DF3D55004A90E8 /* Other Frameworks */,
			);
			name = Frameworks;
			sourceTree = "<group>";
		};
		3C0BB02F14DF3D55004A90E8 /* Other Frameworks */ = {
			isa = PBXGroup;
			children = (
				3C0BB03014DF3D55004A90E8 /* AppKit.framework */,
				3C0BB03114DF3D55004A90E8 /* CoreData.framework */,
				3C0BB03214DF3D55004A90E8 /* Foundation.framework */,
			);
			name = "Other Frameworks";
			sourceTree = "<group>";
		};
		3C0BB03314DF3D55004A90E8 /* Fountain */ = {
			isa = PBXGroup;
			children = (
				3C0BB06514DF3D76004A90E8 /* FountainRegexes.h */,
				3C0BB06614DF3D76004A90E8 /* FountainRegexes.m */,
				3C0BB06114DF3D76004A90E8 /* FNScript.h */,
				3C0BB06214DF3D76004A90E8 /* FNScript.m */,
				3C0BB06314DF3D76004A90E8 /* FNElement.h */,
				3C0BB06414DF3D76004A90E8 /* FNElement.m */,
				3C0BB06714DF3D76004A90E8 /* FountainParser.h */,
				3C0BB06814DF3D76004A90E8 /* FountainParser.m */,
				3C9545E31593EBA500ABBA9B /* FastFountainParser.h */,
				3C9545E41593EBA500ABBA9B /* FastFountainParser.m */,
				3C0BB06914DF3D76004A90E8 /* FountainWriter.h */,
				3C0BB06A14DF3D76004A90E8 /* FountainWriter.m */,
				3C95460B1594025400ABBA9B /* FNHTMLScript.h */,
				3C95460C1594025400ABBA9B /* FNHTMLScript.m */,
				3CBFF74315940ACC005EC5BF /* ScriptCSS.css */,
				3CBFF74515940D52005EC5BF /* FNPaginator.h */,
				3CBFF74615940D52005EC5BF /* FNPaginator.m */,
			);
			path = Fountain;
			sourceTree = "<group>";
		};
		3C0BB03414DF3D55004A90E8 /* Supporting Files */ = {
			isa = PBXGroup;
			children = (
				3C0BB03514DF3D55004A90E8 /* Fountain-Info.plist */,
				3C0BB03614DF3D55004A90E8 /* InfoPlist.strings */,
				3C0BB03914DF3D55004A90E8 /* main.m */,
				3C0BB03B14DF3D55004A90E8 /* Fountain-Prefix.pch */,
			);
			name = "Supporting Files";
			sourceTree = "<group>";
		};
		3C0BB05014DF3D56004A90E8 /* FountainTests */ = {
			isa = PBXGroup;
			children = (
				3C8CD0E414DF58C300F18DE6 /* BigFishTests.h */,
				3C8CD0E514DF58C300F18DE6 /* BigFishTests.m */,
				3C8CD10814DF7CE600F18DE6 /* BrickAndSteelTests.h */,
				3C8CD10914DF7CE600F18DE6 /* BrickAndSteelTests.m */,
				3CB1978014E0D50A00FC672F /* SyntaxTests.h */,
				3CB1978114E0D50A00FC672F /* SyntaxTests.m */,
				3C76B00B14E05C5C00EDDA5F /* FNScriptTests.h */,
				3C76B00C14E05C5C00EDDA5F /* FNScriptTests.m */,
				3C8CD10B14DF9D9400F18DE6 /* FountainWriterTests.h */,
				3C8CD10C14DF9D9400F18DE6 /* FountainWriterTests.m */,
				3C8CD0E014DF579700F18DE6 /* Test Files */,
				3C0BB05114DF3D56004A90E8 /* Supporting Files */,
			);
			path = FountainTests;
			sourceTree = "<group>";
		};
		3C0BB05114DF3D56004A90E8 /* Supporting Files */ = {
			isa = PBXGroup;
			children = (
				3C0BB05214DF3D56004A90E8 /* FountainTests-Info.plist */,
				3C0BB05314DF3D56004A90E8 /* InfoPlist.strings */,
			);
			name = "Supporting Files";
			sourceTree = "<group>";
		};
		3C8CD0E014DF579700F18DE6 /* Test Files */ = {
			isa = PBXGroup;
			children = (
				3C8CD0E214DF589E00F18DE6 /* Big Fish.fountain */,
				3C8CD10614DF7CCC00F18DE6 /* Brick And Steel.txt */,
				3C8CD10E14DFA9D700F18DE6 /* Simple.fountain */,
			);
			name = "Test Files";
			sourceTree = "<group>";
		};
		3C8CD0FC14DF64B300F18DE6 /* RegexKitLite */ = {
			isa = PBXGroup;
			children = (
				3C8CD0FD14DF64B400F18DE6 /* License.rtf */,
				3C8CD0FE14DF64B400F18DE6 /* RegexKitLite.h */,
				3C8CD0FF14DF64B400F18DE6 /* RegexKitLite.m */,
			);
			path = RegexKitLite;
			sourceTree = "<group>";
		};
		3CBFF73915940793005EC5BF /* Sample Project */ = {
			isa = PBXGroup;
			children = (
				3CBFF73B159407CC005EC5BF /* Application.xib */,
				3CBFF73D15940815005EC5BF /* AppDelegate.h */,
				3CBFF73E15940815005EC5BF /* AppDelegate.m */,
				3C0BB03414DF3D55004A90E8 /* Supporting Files */,
			);
			name = "Sample Project";
			path = Fountain;
			sourceTree = "<group>";
		};
/* End PBXGroup section */

/* Begin PBXNativeTarget section */
		3C0BB02814DF3D55004A90E8 /* Fountain */ = {
			isa = PBXNativeTarget;
			buildConfigurationList = 3C0BB05B14DF3D56004A90E8 /* Build configuration list for PBXNativeTarget "Fountain" */;
			buildPhases = (
				3C0BB02514DF3D55004A90E8 /* Sources */,
				3C0BB02614DF3D55004A90E8 /* Frameworks */,
				3C0BB02714DF3D55004A90E8 /* Resources */,
			);
			buildRules = (
			);
			dependencies = (
			);
			name = Fountain;
			productName = Fountain;
			productReference = 3C0BB02914DF3D55004A90E8 /* Fountain.app */;
			productType = "com.apple.product-type.application";
		};
		3C0BB04914DF3D56004A90E8 /* FountainTests */ = {
			isa = PBXNativeTarget;
			buildConfigurationList = 3C0BB05E14DF3D56004A90E8 /* Build configuration list for PBXNativeTarget "FountainTests" */;
			buildPhases = (
				3C0BB04514DF3D56004A90E8 /* Sources */,
				3C0BB04614DF3D56004A90E8 /* Frameworks */,
				3C0BB04714DF3D56004A90E8 /* Resources */,
				3C0BB04814DF3D56004A90E8 /* ShellScript */,
			);
			buildRules = (
			);
			dependencies = (
				3C0BB04F14DF3D56004A90E8 /* PBXTargetDependency */,
			);
			name = FountainTests;
			productName = FountainTests;
			productReference = 3C0BB04A14DF3D56004A90E8 /* FountainTests.octest */;
			productType = "com.apple.product-type.bundle";
		};
/* End PBXNativeTarget section */

/* Begin PBXProject section */
		3C0BB02014DF3D55004A90E8 /* Project object */ = {
			isa = PBXProject;
			attributes = {
				LastUpgradeCheck = 0440;
				ORGANIZATIONNAME = "Nima Yousefi";
			};
			buildConfigurationList = 3C0BB02314DF3D55004A90E8 /* Build configuration list for PBXProject "Fountain" */;
			compatibilityVersion = "Xcode 3.2";
			developmentRegion = English;
			hasScannedForEncodings = 0;
			knownRegions = (
				en,
			);
			mainGroup = 3C0BB01E14DF3D55004A90E8;
			productRefGroup = 3C0BB02A14DF3D55004A90E8 /* Products */;
			projectDirPath = "";
			projectRoot = "";
			targets = (
				3C0BB02814DF3D55004A90E8 /* Fountain */,
				3C0BB04914DF3D56004A90E8 /* FountainTests */,
			);
		};
/* End PBXProject section */

/* Begin PBXResourcesBuildPhase section */
		3C0BB02714DF3D55004A90E8 /* Resources */ = {
			isa = PBXResourcesBuildPhase;
			buildActionMask = 2147483647;
			files = (
				3CBFF74215940A40005EC5BF /* Big Fish.fountain in Resources */,
				3C0BB03814DF3D55004A90E8 /* InfoPlist.strings in Resources */,
				3C8CD10014DF64B400F18DE6 /* License.rtf in Resources */,
				3CBFF73C159407CC005EC5BF /* Application.xib in Resources */,
				3CBFF74415940ACC005EC5BF /* ScriptCSS.css in Resources */,
			);
			runOnlyForDeploymentPostprocessing = 0;
		};
		3C0BB04714DF3D56004A90E8 /* Resources */ = {
			isa = PBXResourcesBuildPhase;
			buildActionMask = 2147483647;
			files = (
				3C0BB05514DF3D56004A90E8 /* InfoPlist.strings in Resources */,
				3C8CD0E314DF589E00F18DE6 /* Big Fish.fountain in Resources */,
				3C8CD10714DF7CCC00F18DE6 /* Brick And Steel.txt in Resources */,
				3C8CD10F14DFA9D700F18DE6 /* Simple.fountain in Resources */,
			);
			runOnlyForDeploymentPostprocessing = 0;
		};
/* End PBXResourcesBuildPhase section */

/* Begin PBXShellScriptBuildPhase section */
		3C0BB04814DF3D56004A90E8 /* ShellScript */ = {
			isa = PBXShellScriptBuildPhase;
			buildActionMask = 2147483647;
			files = (
			);
			inputPaths = (
			);
			outputPaths = (
			);
			runOnlyForDeploymentPostprocessing = 0;
			shellPath = /bin/sh;
			shellScript = "# Run the unit tests in this test bundle.\n\"${SYSTEM_DEVELOPER_DIR}/Tools/RunUnitTests\"\n";
		};
/* End PBXShellScriptBuildPhase section */

/* Begin PBXSourcesBuildPhase section */
		3C0BB02514DF3D55004A90E8 /* Sources */ = {
			isa = PBXSourcesBuildPhase;
			buildActionMask = 2147483647;
			files = (
				3C0BB03A14DF3D55004A90E8 /* main.m in Sources */,
				3C0BB06B14DF3D76004A90E8 /* FNScript.m in Sources */,
				3C0BB06C14DF3D76004A90E8 /* FNElement.m in Sources */,
				3C0BB06D14DF3D76004A90E8 /* FountainRegexes.m in Sources */,
				3C0BB06E14DF3D76004A90E8 /* FountainParser.m in Sources */,
				3C0BB06F14DF3D76004A90E8 /* FountainWriter.m in Sources */,
				3C8CD10114DF64B400F18DE6 /* RegexKitLite.m in Sources */,
				3C9545E51593EBA500ABBA9B /* FastFountainParser.m in Sources */,
				3C95460D1594025400ABBA9B /* FNHTMLScript.m in Sources */,
				3CBFF73F15940815005EC5BF /* AppDelegate.m in Sources */,
				3CBFF74715940D52005EC5BF /* FNPaginator.m in Sources */,
			);
			runOnlyForDeploymentPostprocessing = 0;
		};
		3C0BB04514DF3D56004A90E8 /* Sources */ = {
			isa = PBXSourcesBuildPhase;
			buildActionMask = 2147483647;
			files = (
				3C8CD0E614DF58C300F18DE6 /* BigFishTests.m in Sources */,
				3C8CD10A14DF7CE600F18DE6 /* BrickAndSteelTests.m in Sources */,
				3C8CD10D14DF9D9400F18DE6 /* FountainWriterTests.m in Sources */,
				3C76B00D14E05C5C00EDDA5F /* FNScriptTests.m in Sources */,
				3CB1978214E0D50A00FC672F /* SyntaxTests.m in Sources */,
			);
			runOnlyForDeploymentPostprocessing = 0;
		};
/* End PBXSourcesBuildPhase section */

/* Begin PBXTargetDependency section */
		3C0BB04F14DF3D56004A90E8 /* PBXTargetDependency */ = {
			isa = PBXTargetDependency;
			target = 3C0BB02814DF3D55004A90E8 /* Fountain */;
			targetProxy = 3C0BB04E14DF3D56004A90E8 /* PBXContainerItemProxy */;
		};
/* End PBXTargetDependency section */

/* Begin PBXVariantGroup section */
		3C0BB03614DF3D55004A90E8 /* InfoPlist.strings */ = {
			isa = PBXVariantGroup;
			children = (
				3C0BB03714DF3D55004A90E8 /* en */,
			);
			name = InfoPlist.strings;
			sourceTree = "<group>";
		};
		3C0BB05314DF3D56004A90E8 /* InfoPlist.strings */ = {
			isa = PBXVariantGroup;
			children = (
				3C0BB05414DF3D56004A90E8 /* en */,
			);
			name = InfoPlist.strings;
			sourceTree = "<group>";
		};
/* End PBXVariantGroup section */

/* Begin XCBuildConfiguration section */
		3C0BB05914DF3D56004A90E8 /* Debug */ = {
			isa = XCBuildConfiguration;
			buildSettings = {
				ALWAYS_SEARCH_USER_PATHS = NO;
				ARCHS = "$(ARCHS_STANDARD_64_BIT)";
				COPY_PHASE_STRIP = NO;
				GCC_C_LANGUAGE_STANDARD = gnu99;
				GCC_DYNAMIC_NO_PIC = NO;
				GCC_ENABLE_OBJC_EXCEPTIONS = YES;
				GCC_OPTIMIZATION_LEVEL = 0;
				GCC_PREPROCESSOR_DEFINITIONS = (
					"DEBUG=1",
					"$(inherited)",
				);
				GCC_SYMBOLS_PRIVATE_EXTERN = NO;
				GCC_VERSION = com.apple.compilers.llvm.clang.1_0;
				GCC_WARN_64_TO_32_BIT_CONVERSION = YES;
				GCC_WARN_ABOUT_MISSING_PROTOTYPES = YES;
				GCC_WARN_ABOUT_RETURN_TYPE = YES;
				GCC_WARN_UNUSED_VARIABLE = YES;
				MACOSX_DEPLOYMENT_TARGET = 10.7;
				ONLY_ACTIVE_ARCH = YES;
				SDKROOT = macosx;
			};
			name = Debug;
		};
		3C0BB05A14DF3D56004A90E8 /* Release */ = {
			isa = XCBuildConfiguration;
			buildSettings = {
				ALWAYS_SEARCH_USER_PATHS = NO;
				ARCHS = "$(ARCHS_STANDARD_64_BIT)";
				COPY_PHASE_STRIP = YES;
				DEBUG_INFORMATION_FORMAT = "dwarf-with-dsym";
				GCC_C_LANGUAGE_STANDARD = gnu99;
				GCC_ENABLE_OBJC_EXCEPTIONS = YES;
				GCC_VERSION = com.apple.compilers.llvm.clang.1_0;
				GCC_WARN_64_TO_32_BIT_CONVERSION = YES;
				GCC_WARN_ABOUT_MISSING_PROTOTYPES = YES;
				GCC_WARN_ABOUT_RETURN_TYPE = YES;
				GCC_WARN_UNUSED_VARIABLE = YES;
				MACOSX_DEPLOYMENT_TARGET = 10.7;
				SDKROOT = macosx;
			};
			name = Release;
		};
		3C0BB05C14DF3D56004A90E8 /* Debug */ = {
			isa = XCBuildConfiguration;
			buildSettings = {
				GCC_PRECOMPILE_PREFIX_HEADER = YES;
				GCC_PREFIX_HEADER = "Fountain/Fountain-Prefix.pch";
				INFOPLIST_FILE = "Fountain/Fountain-Info.plist";
				OTHER_LDFLAGS = "-licucore";
				PRODUCT_NAME = "$(TARGET_NAME)";
				WRAPPER_EXTENSION = app;
			};
			name = Debug;
		};
		3C0BB05D14DF3D56004A90E8 /* Release */ = {
			isa = XCBuildConfiguration;
			buildSettings = {
				GCC_PRECOMPILE_PREFIX_HEADER = YES;
				GCC_PREFIX_HEADER = "Fountain/Fountain-Prefix.pch";
				INFOPLIST_FILE = "Fountain/Fountain-Info.plist";
				OTHER_LDFLAGS = "-licucore";
				PRODUCT_NAME = "$(TARGET_NAME)";
				WRAPPER_EXTENSION = app;
			};
			name = Release;
		};
		3C0BB05F14DF3D56004A90E8 /* Debug */ = {
			isa = XCBuildConfiguration;
			buildSettings = {
				BUNDLE_LOADER = "$(BUILT_PRODUCTS_DIR)/Fountain.app/Contents/MacOS/Fountain";
				FRAMEWORK_SEARCH_PATHS = "$(DEVELOPER_LIBRARY_DIR)/Frameworks";
				GCC_PRECOMPILE_PREFIX_HEADER = YES;
				GCC_PREFIX_HEADER = "Fountain/Fountain-Prefix.pch";
				INFOPLIST_FILE = "FountainTests/FountainTests-Info.plist";
				PRODUCT_NAME = "$(TARGET_NAME)";
				TEST_HOST = "$(BUNDLE_LOADER)";
				WRAPPER_EXTENSION = octest;
			};
			name = Debug;
		};
		3C0BB06014DF3D56004A90E8 /* Release */ = {
			isa = XCBuildConfiguration;
			buildSettings = {
				BUNDLE_LOADER = "$(BUILT_PRODUCTS_DIR)/Fountain.app/Contents/MacOS/Fountain";
				FRAMEWORK_SEARCH_PATHS = "$(DEVELOPER_LIBRARY_DIR)/Frameworks";
				GCC_PRECOMPILE_PREFIX_HEADER = YES;
				GCC_PREFIX_HEADER = "Fountain/Fountain-Prefix.pch";
				INFOPLIST_FILE = "FountainTests/FountainTests-Info.plist";
				PRODUCT_NAME = "$(TARGET_NAME)";
				TEST_HOST = "$(BUNDLE_LOADER)";
				WRAPPER_EXTENSION = octest;
			};
			name = Release;
		};
/* End XCBuildConfiguration section */

/* Begin XCConfigurationList section */
		3C0BB02314DF3D55004A90E8 /* Build configuration list for PBXProject "Fountain" */ = {
			isa = XCConfigurationList;
			buildConfigurations = (
				3C0BB05914DF3D56004A90E8 /* Debug */,
				3C0BB05A14DF3D56004A90E8 /* Release */,
			);
			defaultConfigurationIsVisible = 0;
			defaultConfigurationName = Release;
		};
		3C0BB05B14DF3D56004A90E8 /* Build configuration list for PBXNativeTarget "Fountain" */ = {
			isa = XCConfigurationList;
			buildConfigurations = (
				3C0BB05C14DF3D56004A90E8 /* Debug */,
				3C0BB05D14DF3D56004A90E8 /* Release */,
			);
			defaultConfigurationIsVisible = 0;
			defaultConfigurationName = Release;
		};
		3C0BB05E14DF3D56004A90E8 /* Build configuration list for PBXNativeTarget "FountainTests" */ = {
			isa = XCConfigurationList;
			buildConfigurations = (
				3C0BB05F14DF3D56004A90E8 /* Debug */,
				3C0BB06014DF3D56004A90E8 /* Release */,
			);
			defaultConfigurationIsVisible = 0;
			defaultConfigurationName = Release;
		};
/* End XCConfigurationList section */
	};
	rootObject = 3C0BB02014DF3D55004A90E8 /* Project object */;
}
